// !$*UTF8*$!
{
	archiveVersion = 1;
	classes = {
	};
	objectVersion = 46;
	objects = {

/* Begin PBXBuildFile section */
		34225DADAE58901E44CDDFD3 /* Pods_TokyoCamera.framework in Frameworks */ = {isa = PBXBuildFile; fileRef = 4070FA6A461F28C8866B7CBB /* Pods_TokyoCamera.framework */; };
		46A355D31EE2844800FF594B /* AppDelegate.swift in Sources */ = {isa = PBXBuildFile; fileRef = 46A355D21EE2844800FF594B /* AppDelegate.swift */; };
		46A355D51EE2844800FF594B /* ViewController.swift in Sources */ = {isa = PBXBuildFile; fileRef = 46A355D41EE2844800FF594B /* ViewController.swift */; };
		46A355D81EE2844800FF594B /* Main.storyboard in Resources */ = {isa = PBXBuildFile; fileRef = 46A355D61EE2844800FF594B /* Main.storyboard */; };
		46A355DA1EE2844800FF594B /* Assets.xcassets in Resources */ = {isa = PBXBuildFile; fileRef = 46A355D91EE2844800FF594B /* Assets.xcassets */; };
		46A355DD1EE2844800FF594B /* LaunchScreen.storyboard in Resources */ = {isa = PBXBuildFile; fileRef = 46A355DB1EE2844800FF594B /* LaunchScreen.storyboard */; };
		46A355E61EE286A300FF594B /* EditorViewController.storyboard in Resources */ = {isa = PBXBuildFile; fileRef = 46A355E41EE286A300FF594B /* EditorViewController.storyboard */; };
		46A355E91EE286C100FF594B /* TimelineViewController.storyboard in Resources */ = {isa = PBXBuildFile; fileRef = 46A355E71EE286C100FF594B /* TimelineViewController.storyboard */; };
		46A355EB1EE286F600FF594B /* EditorViewController.swift in Sources */ = {isa = PBXBuildFile; fileRef = 46A355EA1EE286F600FF594B /* EditorViewController.swift */; };
		46A355ED1EE2870500FF594B /* TimelineViewController.swift in Sources */ = {isa = PBXBuildFile; fileRef = 46A355EC1EE2870500FF594B /* TimelineViewController.swift */; };
		46A355EF1EE28BE800FF594B /* FontCollectionViewCell.swift in Sources */ = {isa = PBXBuildFile; fileRef = 46A355EE1EE28BE800FF594B /* FontCollectionViewCell.swift */; };
/* End PBXBuildFile section */

/* Begin PBXFileReference section */
		4070FA6A461F28C8866B7CBB /* Pods_TokyoCamera.framework */ = {isa = PBXFileReference; explicitFileType = wrapper.framework; includeInIndex = 0; path = Pods_TokyoCamera.framework; sourceTree = BUILT_PRODUCTS_DIR; };
		46A355CF1EE2844800FF594B /* TokyoCamera.app */ = {isa = PBXFileReference; explicitFileType = wrapper.application; includeInIndex = 0; path = TokyoCamera.app; sourceTree = BUILT_PRODUCTS_DIR; };
		46A355D21EE2844800FF594B /* AppDelegate.swift */ = {isa = PBXFileReference; lastKnownFileType = sourcecode.swift; path = AppDelegate.swift; sourceTree = "<group>"; };
		46A355D41EE2844800FF594B /* ViewController.swift */ = {isa = PBXFileReference; lastKnownFileType = sourcecode.swift; path = ViewController.swift; sourceTree = "<group>"; };
		46A355D71EE2844800FF594B /* Base */ = {isa = PBXFileReference; lastKnownFileType = file.storyboard; name = Base; path = Base.lproj/Main.storyboard; sourceTree = "<group>"; };
		46A355D91EE2844800FF594B /* Assets.xcassets */ = {isa = PBXFileReference; lastKnownFileType = folder.assetcatalog; path = Assets.xcassets; sourceTree = "<group>"; };
		46A355DC1EE2844800FF594B /* Base */ = {isa = PBXFileReference; lastKnownFileType = file.storyboard; name = Base; path = Base.lproj/LaunchScreen.storyboard; sourceTree = "<group>"; };
		46A355DE1EE2844800FF594B /* Info.plist */ = {isa = PBXFileReference; lastKnownFileType = text.plist.xml; path = Info.plist; sourceTree = "<group>"; };
		46A355E51EE286A300FF594B /* Base */ = {isa = PBXFileReference; lastKnownFileType = file.storyboard; name = Base; path = Base.lproj/EditorViewController.storyboard; sourceTree = "<group>"; };
		46A355E81EE286C100FF594B /* Base */ = {isa = PBXFileReference; lastKnownFileType = file.storyboard; name = Base; path = Base.lproj/TimelineViewController.storyboard; sourceTree = "<group>"; };
		46A355EA1EE286F600FF594B /* EditorViewController.swift */ = {isa = PBXFileReference; fileEncoding = 4; lastKnownFileType = sourcecode.swift; path = EditorViewController.swift; sourceTree = "<group>"; };
		46A355EC1EE2870500FF594B /* TimelineViewController.swift */ = {isa = PBXFileReference; fileEncoding = 4; lastKnownFileType = sourcecode.swift; path = TimelineViewController.swift; sourceTree = "<group>"; };
		46A355EE1EE28BE800FF594B /* FontCollectionViewCell.swift */ = {isa = PBXFileReference; fileEncoding = 4; lastKnownFileType = sourcecode.swift; path = FontCollectionViewCell.swift; sourceTree = "<group>"; };
		6271537DDA52452B3499FE0C /* Pods-TokyoCamera.debug.xcconfig */ = {isa = PBXFileReference; includeInIndex = 1; lastKnownFileType = text.xcconfig; name = "Pods-TokyoCamera.debug.xcconfig"; path = "Pods/Target Support Files/Pods-TokyoCamera/Pods-TokyoCamera.debug.xcconfig"; sourceTree = "<group>"; };
		83D306CEC99822C915675D11 /* Pods-TokyoCamera.release.xcconfig */ = {isa = PBXFileReference; includeInIndex = 1; lastKnownFileType = text.xcconfig; name = "Pods-TokyoCamera.release.xcconfig"; path = "Pods/Target Support Files/Pods-TokyoCamera/Pods-TokyoCamera.release.xcconfig"; sourceTree = "<group>"; };
/* End PBXFileReference section */

/* Begin PBXFrameworksBuildPhase section */
		46A355CC1EE2844800FF594B /* Frameworks */ = {
			isa = PBXFrameworksBuildPhase;
			buildActionMask = 2147483647;
			files = (
				34225DADAE58901E44CDDFD3 /* Pods_TokyoCamera.framework in Frameworks */,
			);
			runOnlyForDeploymentPostprocessing = 0;
		};
/* End PBXFrameworksBuildPhase section */

/* Begin PBXGroup section */
		055EE2991072A943CDADCF05 /* Frameworks */ = {
			isa = PBXGroup;
			children = (
				4070FA6A461F28C8866B7CBB /* Pods_TokyoCamera.framework */,
			);
			name = Frameworks;
			sourceTree = "<group>";
		};
		46A355C61EE2844800FF594B = {
			isa = PBXGroup;
			children = (
				46A355D11EE2844800FF594B /* TokyoCamera */,
				46A355D01EE2844800FF594B /* Products */,
				AFAE31445FF5E1DCD1068CA3 /* Pods */,
				055EE2991072A943CDADCF05 /* Frameworks */,
			);
			sourceTree = "<group>";
		};
		46A355D01EE2844800FF594B /* Products */ = {
			isa = PBXGroup;
			children = (
				46A355CF1EE2844800FF594B /* TokyoCamera.app */,
			);
			name = Products;
			sourceTree = "<group>";
		};
		46A355D11EE2844800FF594B /* TokyoCamera */ = {
			isa = PBXGroup;
			children = (
				46A355D21EE2844800FF594B /* AppDelegate.swift */,
				46A355D41EE2844800FF594B /* ViewController.swift */,
				46A355D61EE2844800FF594B /* Main.storyboard */,
				46A355E71EE286C100FF594B /* TimelineViewController.storyboard */,
				46A355E41EE286A300FF594B /* EditorViewController.storyboard */,
				46A355D91EE2844800FF594B /* Assets.xcassets */,
				46A355DB1EE2844800FF594B /* LaunchScreen.storyboard */,
				46A355DE1EE2844800FF594B /* Info.plist */,
				46A355EA1EE286F600FF594B /* EditorViewController.swift */,
				46A355EC1EE2870500FF594B /* TimelineViewController.swift */,
				46A355EE1EE28BE800FF594B /* FontCollectionViewCell.swift */,
			);
			path = TokyoCamera;
			sourceTree = "<group>";
		};
		AFAE31445FF5E1DCD1068CA3 /* Pods */ = {
			isa = PBXGroup;
			children = (
				6271537DDA52452B3499FE0C /* Pods-TokyoCamera.debug.xcconfig */,
				83D306CEC99822C915675D11 /* Pods-TokyoCamera.release.xcconfig */,
			);
			name = Pods;
			sourceTree = "<group>";
		};
/* End PBXGroup section */

/* Begin PBXNativeTarget section */
		46A355CE1EE2844800FF594B /* TokyoCamera */ = {
			isa = PBXNativeTarget;
			buildConfigurationList = 46A355E11EE2844800FF594B /* Build configuration list for PBXNativeTarget "TokyoCamera" */;
			buildPhases = (
				2226A8BF5FFD5F29C3A1DBD7 /* [CP] Check Pods Manifest.lock */,
				46A355CB1EE2844800FF594B /* Sources */,
				46A355CC1EE2844800FF594B /* Frameworks */,
				46A355CD1EE2844800FF594B /* Resources */,
				2388134812C4CDFD13818B39 /* [CP] Embed Pods Frameworks */,
				C73A351B15C3D9A4D08636DA /* [CP] Copy Pods Resources */,
			);
			buildRules = (
			);
			dependencies = (
			);
			name = TokyoCamera;
			productName = TokyoCamera;
			productReference = 46A355CF1EE2844800FF594B /* TokyoCamera.app */;
			productType = "com.apple.product-type.application";
		};
/* End PBXNativeTarget section */

/* Begin PBXProject section */
		46A355C71EE2844800FF594B /* Project object */ = {
			isa = PBXProject;
			attributes = {
				LastSwiftUpdateCheck = 0830;
				LastUpgradeCheck = 0830;
				ORGANIZATIONNAME = touyou;
				TargetAttributes = {
					46A355CE1EE2844800FF594B = {
						CreatedOnToolsVersion = 8.3.2;
						DevelopmentTeam = B4S4333JDW;
						ProvisioningStyle = Automatic;
					};
				};
			};
			buildConfigurationList = 46A355CA1EE2844800FF594B /* Build configuration list for PBXProject "TokyoCamera" */;
			compatibilityVersion = "Xcode 3.2";
			developmentRegion = English;
			hasScannedForEncodings = 0;
			knownRegions = (
				en,
				Base,
			);
			mainGroup = 46A355C61EE2844800FF594B;
			productRefGroup = 46A355D01EE2844800FF594B /* Products */;
			projectDirPath = "";
			projectRoot = "";
			targets = (
				46A355CE1EE2844800FF594B /* TokyoCamera */,
			);
		};
/* End PBXProject section */

/* Begin PBXResourcesBuildPhase section */
		46A355CD1EE2844800FF594B /* Resources */ = {
			isa = PBXResourcesBuildPhase;
			buildActionMask = 2147483647;
			files = (
				46A355E61EE286A300FF594B /* EditorViewController.storyboard in Resources */,
				46A355DD1EE2844800FF594B /* LaunchScreen.storyboard in Resources */,
				46A355DA1EE2844800FF594B /* Assets.xcassets in Resources */,
				46A355E91EE286C100FF594B /* TimelineViewController.storyboard in Resources */,
				46A355D81EE2844800FF594B /* Main.storyboard in Resources */,
			);
			runOnlyForDeploymentPostprocessing = 0;
		};
/* End PBXResourcesBuildPhase section */

/* Begin PBXShellScriptBuildPhase section */
		2226A8BF5FFD5F29C3A1DBD7 /* [CP] Check Pods Manifest.lock */ = {
			isa = PBXShellScriptBuildPhase;
			buildActionMask = 2147483647;
			files = (
			);
			inputPaths = (
			);
			name = "[CP] Check Pods Manifest.lock";
			outputPaths = (
			);
			runOnlyForDeploymentPostprocessing = 0;
			shellPath = /bin/sh;
			shellScript = "diff \"${PODS_PODFILE_DIR_PATH}/Podfile.lock\" \"${PODS_ROOT}/Manifest.lock\" > /dev/null\nif [ $? != 0 ] ; then\n    # print error to STDERR\n    echo \"error: The sandbox is not in sync with the Podfile.lock. Run 'pod install' or update your CocoaPods installation.\" >&2\n    exit 1\nfi\n";
			showEnvVarsInLog = 0;
		};
		2388134812C4CDFD13818B39 /* [CP] Embed Pods Frameworks */ = {
			isa = PBXShellScriptBuildPhase;
			buildActionMask = 2147483647;
			files = (
			);
			inputPaths = (
			);
			name = "[CP] Embed Pods Frameworks";
			outputPaths = (
			);
			runOnlyForDeploymentPostprocessing = 0;
			shellPath = /bin/sh;
			shellScript = "\"${SRCROOT}/Pods/Target Support Files/Pods-TokyoCamera/Pods-TokyoCamera-frameworks.sh\"\n";
			showEnvVarsInLog = 0;
		};
		C73A351B15C3D9A4D08636DA /* [CP] Copy Pods Resources */ = {
			isa = PBXShellScriptBuildPhase;
			buildActionMask = 2147483647;
			files = (
			);
			inputPaths = (
			);
			name = "[CP] Copy Pods Resources";
			outputPaths = (
			);
			runOnlyForDeploymentPostprocessing = 0;
			shellPath = /bin/sh;
			shellScript = "\"${SRCROOT}/Pods/Target Support Files/Pods-TokyoCamera/Pods-TokyoCamera-resources.sh\"\n";
			showEnvVarsInLog = 0;
		};
/* End PBXShellScriptBuildPhase section */

/* Begin PBXSourcesBuildPhase section */
		46A355CB1EE2844800FF594B /* Sources */ = {
			isa = PBXSourcesBuildPhase;
			buildActionMask = 2147483647;
			files = (
				46A355D51EE2844800FF594B /* ViewController.swift in Sources */,
				46A355EF1EE28BE800FF594B /* FontCollectionViewCell.swift in Sources */,
				46A355ED1EE2870500FF594B /* TimelineViewController.swift in Sources */,
				46A355EB1EE286F600FF594B /* EditorViewController.swift in Sources */,
				46A355D31EE2844800FF594B /* AppDelegate.swift in Sources */,
			);
			runOnlyForDeploymentPostprocessing = 0;
		};
/* End PBXSourcesBuildPhase section */

/* Begin PBXVariantGroup section */
		46A355D61EE2844800FF594B /* Main.storyboard */ = {
			isa = PBXVariantGroup;
			children = (
				46A355D71EE2844800FF594B /* Base */,
			);
			name = Main.storyboard;
			sourceTree = "<group>";
		};
		46A355DB1EE2844800FF594B /* LaunchScreen.storyboard */ = {
			isa = PBXVariantGroup;
			children = (
				46A355DC1EE2844800FF594B /* Base */,
			);
			name = LaunchScreen.storyboard;
			sourceTree = "<group>";
		};
		46A355E41EE286A300FF594B /* EditorViewController.storyboard */ = {
			isa = PBXVariantGroup;
			children = (
				46A355E51EE286A300FF594B /* Base */,
			);
			name = EditorViewController.storyboard;
			sourceTree = "<group>";
		};
		46A355E71EE286C100FF594B /* TimelineViewController.storyboard */ = {
			isa = PBXVariantGroup;
			children = (
				46A355E81EE286C100FF594B /* Base */,
			);
			name = TimelineViewController.storyboard;
			sourceTree = "<group>";
		};
/* End PBXVariantGroup section */

/* Begin XCBuildConfiguration section */
		46A355DF1EE2844800FF594B /* Debug */ = {
			isa = XCBuildConfiguration;
			buildSettings = {
				ALWAYS_SEARCH_USER_PATHS = NO;
				CLANG_ANALYZER_NONNULL = YES;
				CLANG_ANALYZER_NUMBER_OBJECT_CONVERSION = YES_AGGRESSIVE;
				CLANG_CXX_LANGUAGE_STANDARD = "gnu++0x";
				CLANG_CXX_LIBRARY = "libc++";
				CLANG_ENABLE_MODULES = YES;
				CLANG_ENABLE_OBJC_ARC = YES;
				CLANG_WARN_BOOL_CONVERSION = YES;
				CLANG_WARN_CONSTANT_CONVERSION = YES;
				CLANG_WARN_DIRECT_OBJC_ISA_USAGE = YES_ERROR;
				CLANG_WARN_DOCUMENTATION_COMMENTS = YES;
				CLANG_WARN_EMPTY_BODY = YES;
				CLANG_WARN_ENUM_CONVERSION = YES;
				CLANG_WARN_INFINITE_RECURSION = YES;
				CLANG_WARN_INT_CONVERSION = YES;
				CLANG_WARN_OBJC_ROOT_CLASS = YES_ERROR;
				CLANG_WARN_SUSPICIOUS_MOVE = YES;
				CLANG_WARN_UNREACHABLE_CODE = YES;
				CLANG_WARN__DUPLICATE_METHOD_MATCH = YES;
				"CODE_SIGN_IDENTITY[sdk=iphoneos*]" = "iPhone Developer";
				COPY_PHASE_STRIP = NO;
				DEBUG_INFORMATION_FORMAT = dwarf;
				ENABLE_STRICT_OBJC_MSGSEND = YES;
				ENABLE_TESTABILITY = YES;
				GCC_C_LANGUAGE_STANDARD = gnu99;
				GCC_DYNAMIC_NO_PIC = NO;
				GCC_NO_COMMON_BLOCKS = YES;
				GCC_OPTIMIZATION_LEVEL = 0;
				GCC_PREPROCESSOR_DEFINITIONS = (
					"DEBUG=1",
					"$(inherited)",
				);
				GCC_WARN_64_TO_32_BIT_CONVERSION = YES;
				GCC_WARN_ABOUT_RETURN_TYPE = YES_ERROR;
				GCC_WARN_UNDECLARED_SELECTOR = YES;
				GCC_WARN_UNINITIALIZED_AUTOS = YES_AGGRESSIVE;
				GCC_WARN_UNUSED_FUNCTION = YES;
				GCC_WARN_UNUSED_VARIABLE = YES;
				IPHONEOS_DEPLOYMENT_TARGET = 10.3;
				MTL_ENABLE_DEBUG_INFO = YES;
				ONLY_ACTIVE_ARCH = YES;
				SDKROOT = iphoneos;
				SWIFT_ACTIVE_COMPILATION_CONDITIONS = DEBUG;
				SWIFT_OPTIMIZATION_LEVEL = "-Onone";
			};
			name = Debug;
		};
		46A355E01EE2844800FF594B /* Release */ = {
			isa = XCBuildConfiguration;
			buildSettings = {
				ALWAYS_SEARCH_USER_PATHS = NO;
				CLANG_ANALYZER_NONNULL = YES;
				CLANG_ANALYZER_NUMBER_OBJECT_CONVERSION = YES_AGGRESSIVE;
				CLANG_CXX_LANGUAGE_STANDARD = "gnu++0x";
				CLANG_CXX_LIBRARY = "libc++";
				CLANG_ENABLE_MODULES = YES;
				CLANG_ENABLE_OBJC_ARC = YES;
				CLANG_WARN_BOOL_CONVERSION = YES;
				CLANG_WARN_CONSTANT_CONVERSION = YES;
				CLANG_WARN_DIRECT_OBJC_ISA_USAGE = YES_ERROR;
				CLANG_WARN_DOCUMENTATION_COMMENTS = YES;
				CLANG_WARN_EMPTY_BODY = YES;
				CLANG_WARN_ENUM_CONVERSION = YES;
				CLANG_WARN_INFINITE_RECURSION = YES;
				CLANG_WARN_INT_CONVERSION = YES;
				CLANG_WARN_OBJC_ROOT_CLASS = YES_ERROR;
				CLANG_WARN_SUSPICIOUS_MOVE = YES;
				CLANG_WARN_UNREACHABLE_CODE = YES;
				CLANG_WARN__DUPLICATE_METHOD_MATCH = YES;
				"CODE_SIGN_IDENTITY[sdk=iphoneos*]" = "iPhone Developer";
				COPY_PHASE_STRIP = NO;
				DEBUG_INFORMATION_FORMAT = "dwarf-with-dsym";
				ENABLE_NS_ASSERTIONS = NO;
				ENABLE_STRICT_OBJC_MSGSEND = YES;
				GCC_C_LANGUAGE_STANDARD = gnu99;
				GCC_NO_COMMON_BLOCKS = YES;
				GCC_WARN_64_TO_32_BIT_CONVERSION = YES;
				GCC_WARN_ABOUT_RETURN_TYPE = YES_ERROR;
				GCC_WARN_UNDECLARED_SELECTOR = YES;
				GCC_WARN_UNINITIALIZED_AUTOS = YES_AGGRESSIVE;
				GCC_WARN_UNUSED_FUNCTION = YES;
				GCC_WARN_UNUSED_VARIABLE = YES;
				IPHONEOS_DEPLOYMENT_TARGET = 10.3;
				MTL_ENABLE_DEBUG_INFO = NO;
				SDKROOT = iphoneos;
				SWIFT_OPTIMIZATION_LEVEL = "-Owholemodule";
				VALIDATE_PRODUCT = YES;
			};
			name = Release;
		};
		46A355E21EE2844800FF594B /* Debug */ = {
			isa = XCBuildConfiguration;
			baseConfigurationReference = 6271537DDA52452B3499FE0C /* Pods-TokyoCamera.debug.xcconfig */;
			buildSettings = {
				ASSETCATALOG_COMPILER_APPICON_NAME = AppIcon;
				DEVELOPMENT_TEAM = B4S4333JDW;
				INFOPLIST_FILE = TokyoCamera/Info.plist;
				LD_RUNPATH_SEARCH_PATHS = "$(inherited) @executable_path/Frameworks";
				PRODUCT_BUNDLE_IDENTIFIER = com.dev.touyou.TokyoCamera;
				PRODUCT_NAME = "$(TARGET_NAME)";
				SWIFT_VERSION = 3.0;
			};
			name = Debug;
		};
		46A355E31EE2844800FF594B /* Release */ = {
			isa = XCBuildConfiguration;
			baseConfigurationReference = 83D306CEC99822C915675D11 /* Pods-TokyoCamera.release.xcconfig */;
			buildSettings = {
				ASSETCATALOG_COMPILER_APPICON_NAME = AppIcon;
				DEVELOPMENT_TEAM = B4S4333JDW;
				INFOPLIST_FILE = TokyoCamera/Info.plist;
				LD_RUNPATH_SEARCH_PATHS = "$(inherited) @executable_path/Frameworks";
				PRODUCT_BUNDLE_IDENTIFIER = com.dev.touyou.TokyoCamera;
				PRODUCT_NAME = "$(TARGET_NAME)";
				SWIFT_VERSION = 3.0;
			};
			name = Release;
		};
/* End XCBuildConfiguration section */

/* Begin XCConfigurationList section */
		46A355CA1EE2844800FF594B /* Build configuration list for PBXProject "TokyoCamera" */ = {
			isa = XCConfigurationList;
			buildConfigurations = (
				46A355DF1EE2844800FF594B /* Debug */,
				46A355E01EE2844800FF594B /* Release */,
			);
			defaultConfigurationIsVisible = 0;
			defaultConfigurationName = Release;
		};
		46A355E11EE2844800FF594B /* Build configuration list for PBXNativeTarget "TokyoCamera" */ = {
			isa = XCConfigurationList;
			buildConfigurations = (
				46A355E21EE2844800FF594B /* Debug */,
				46A355E31EE2844800FF594B /* Release */,
			);
			defaultConfigurationIsVisible = 0;
			defaultConfigurationName = Release;
		};
/* End XCConfigurationList section */
	};
	rootObject = 46A355C71EE2844800FF594B /* Project object */;
}
